
Microsoft Visual Studio Solution File, Format Version 11.00
# Visual Studio 2010
Project("{FAE04EC0-301F-11D3-BF4B-00C04F79EFBC}") = "DivisionLike", "Assembly-CSharp.csproj", "{F19BC3E2-FB50-EF00-5EC0-3ABB897DAE44}"
EndProject
Project("{FAE04EC0-301F-11D3-BF4B-00C04F79EFBC}") = "DivisionLike", "Assembly-CSharp-Editor.csproj", "{06AE568E-0345-7A5D-2ED1-3CFD4D5F3B2F}"
EndProject
Global
	GlobalSection(SolutionConfigurationPlatforms) = preSolution
		Debug|Any CPU = Debug|Any CPU
		Release|Any CPU = Release|Any CPU
	EndGlobalSection
	GlobalSection(ProjectConfigurationPlatforms) = postSolution
		{F19BC3E2-FB50-EF00-5EC0-3ABB897DAE44}.Debug|Any CPU.ActiveCfg = Debug|Any CPU
		{F19BC3E2-FB50-EF00-5EC0-3ABB897DAE44}.Debug|Any CPU.Build.0 = Debug|Any CPU
		{F19BC3E2-FB50-EF00-5EC0-3ABB897DAE44}.Release|Any CPU.ActiveCfg = Release|Any CPU
		{F19BC3E2-FB50-EF00-5EC0-3ABB897DAE44}.Release|Any CPU.Build.0 = Release|Any CPU
		{06AE568E-0345-7A5D-2ED1-3CFD4D5F3B2F}.Debug|Any CPU.ActiveCfg = Debug|Any CPU
		{06AE568E-0345-7A5D-2ED1-3CFD4D5F3B2F}.Debug|Any CPU.Build.0 = Debug|Any CPU
		{06AE568E-0345-7A5D-2ED1-3CFD4D5F3B2F}.Release|Any CPU.ActiveCfg = Release|Any CPU
		{06AE568E-0345-7A5D-2ED1-3CFD4D5F3B2F}.Release|Any CPU.Build.0 = Release|Any CPU
	EndGlobalSection
	GlobalSection(SolutionProperties) = preSolution
		HideSolutionNode = FALSE
	EndGlobalSection
	GlobalSection(MonoDevelopProperties) = preSolution
		StartupItem = Assembly-CSharp.csproj
	EndGlobalSection
EndGlobal
