
Microsoft Visual Studio Solution File, Format Version 12.00
# Visual Studio 2017
Project("{FAE04EC0-301F-11D3-BF4B-00C04F79EFBC}") = "DivisionLike", "DivisionLike.csproj", "{38345FED-3FC2-7712-1AF0-4610D9AA98B8}"
EndProject
Project("{FAE04EC0-301F-11D3-BF4B-00C04F79EFBC}") = "DivisionLike.Editor", "DivisionLike.Editor.csproj", "{49DF723A-D253-B074-4DB1-4B36F4D22248}"
EndProject
Global
	GlobalSection(SolutionConfigurationPlatforms) = preSolution
		Debug|Any CPU = Debug|Any CPU
		Release|Any CPU = Release|Any CPU
	EndGlobalSection
	GlobalSection(ProjectConfigurationPlatforms) = postSolution
		{38345FED-3FC2-7712-1AF0-4610D9AA98B8}.Debug|Any CPU.ActiveCfg = Debug|Any CPU
		{38345FED-3FC2-7712-1AF0-4610D9AA98B8}.Debug|Any CPU.Build.0 = Debug|Any CPU
		{38345FED-3FC2-7712-1AF0-4610D9AA98B8}.Release|Any CPU.ActiveCfg = Release|Any CPU
		{38345FED-3FC2-7712-1AF0-4610D9AA98B8}.Release|Any CPU.Build.0 = Release|Any CPU
		{49DF723A-D253-B074-4DB1-4B36F4D22248}.Debug|Any CPU.ActiveCfg = Debug|Any CPU
		{49DF723A-D253-B074-4DB1-4B36F4D22248}.Debug|Any CPU.Build.0 = Debug|Any CPU
		{49DF723A-D253-B074-4DB1-4B36F4D22248}.Release|Any CPU.ActiveCfg = Release|Any CPU
		{49DF723A-D253-B074-4DB1-4B36F4D22248}.Release|Any CPU.Build.0 = Release|Any CPU
	EndGlobalSection
	GlobalSection(SolutionProperties) = preSolution
		HideSolutionNode = FALSE
	EndGlobalSection
EndGlobal
